// !$*UTF8*$!
{
	archiveVersion = 1;
	classes = {
	};
	objectVersion = 54;
	objects = {

/* Begin PBXBuildFile section */
		00E356F31AD99517003FC87E /* StockerTests.m in Sources */ = {isa = PBXBuildFile; fileRef = 00E356F21AD99517003FC87E /* StockerTests.m */; };
		03E600DA4CF146EB86462CAD /* Inter Medium.ttf in Resources */ = {isa = PBXBuildFile; fileRef = 5E7D829255C049A68AB4B049 /* Inter Medium.ttf */; };
		04BBB9BE2AA1BC4E00A4AB12 /* FontAwesome6_Solid.ttf in Resources */ = {isa = PBXBuildFile; fileRef = 04BBB9AB2AA1BC4C00A4AB12 /* FontAwesome6_Solid.ttf */; };
		04BBB9BF2AA1BC4E00A4AB12 /* SimpleLineIcons.ttf in Resources */ = {isa = PBXBuildFile; fileRef = 04BBB9AC2AA1BC4C00A4AB12 /* SimpleLineIcons.ttf */; };
		04BBB9C02AA1BC4E00A4AB12 /* AntDesign.ttf in Resources */ = {isa = PBXBuildFile; fileRef = 04BBB9AD2AA1BC4C00A4AB12 /* AntDesign.ttf */; };
		04BBB9C12AA1BC4E00A4AB12 /* MaterialCommunityIcons.ttf in Resources */ = {isa = PBXBuildFile; fileRef = 04BBB9AE2AA1BC4C00A4AB12 /* MaterialCommunityIcons.ttf */; };
		04BBB9C22AA1BC4E00A4AB12 /* EvilIcons.ttf in Resources */ = {isa = PBXBuildFile; fileRef = 04BBB9AF2AA1BC4C00A4AB12 /* EvilIcons.ttf */; };
		04BBB9C32AA1BC4E00A4AB12 /* FontAwesome.ttf in Resources */ = {isa = PBXBuildFile; fileRef = 04BBB9B02AA1BC4C00A4AB12 /* FontAwesome.ttf */; };
		04BBB9C42AA1BC4E00A4AB12 /* Foundation.ttf in Resources */ = {isa = PBXBuildFile; fileRef = 04BBB9B12AA1BC4C00A4AB12 /* Foundation.ttf */; };
		04BBB9C52AA1BC4E00A4AB12 /* FontAwesome5_Regular.ttf in Resources */ = {isa = PBXBuildFile; fileRef = 04BBB9B22AA1BC4D00A4AB12 /* FontAwesome5_Regular.ttf */; };
		04BBB9C62AA1BC4E00A4AB12 /* MaterialIcons.ttf in Resources */ = {isa = PBXBuildFile; fileRef = 04BBB9B32AA1BC4D00A4AB12 /* MaterialIcons.ttf */; };
		04BBB9C72AA1BC4E00A4AB12 /* Zocial.ttf in Resources */ = {isa = PBXBuildFile; fileRef = 04BBB9B42AA1BC4D00A4AB12 /* Zocial.ttf */; };
		04BBB9C82AA1BC4E00A4AB12 /* Octicons.ttf in Resources */ = {isa = PBXBuildFile; fileRef = 04BBB9B52AA1BC4D00A4AB12 /* Octicons.ttf */; };
		04BBB9C92AA1BC4E00A4AB12 /* FontAwesome6_Regular.ttf in Resources */ = {isa = PBXBuildFile; fileRef = 04BBB9B62AA1BC4D00A4AB12 /* FontAwesome6_Regular.ttf */; };
		04BBB9CA2AA1BC4E00A4AB12 /* Entypo.ttf in Resources */ = {isa = PBXBuildFile; fileRef = 04BBB9B72AA1BC4D00A4AB12 /* Entypo.ttf */; };
		04BBB9CB2AA1BC4E00A4AB12 /* FontAwesome5_Solid.ttf in Resources */ = {isa = PBXBuildFile; fileRef = 04BBB9B82AA1BC4D00A4AB12 /* FontAwesome5_Solid.ttf */; };
		04BBB9CC2AA1BC4E00A4AB12 /* Ionicons.ttf in Resources */ = {isa = PBXBuildFile; fileRef = 04BBB9B92AA1BC4D00A4AB12 /* Ionicons.ttf */; };
		04BBB9CD2AA1BC4E00A4AB12 /* Feather.ttf in Resources */ = {isa = PBXBuildFile; fileRef = 04BBB9BA2AA1BC4E00A4AB12 /* Feather.ttf */; };
		04BBB9CE2AA1BC4E00A4AB12 /* Fontisto.ttf in Resources */ = {isa = PBXBuildFile; fileRef = 04BBB9BB2AA1BC4E00A4AB12 /* Fontisto.ttf */; };
		04BBB9CF2AA1BC4E00A4AB12 /* FontAwesome5_Brands.ttf in Resources */ = {isa = PBXBuildFile; fileRef = 04BBB9BC2AA1BC4E00A4AB12 /* FontAwesome5_Brands.ttf */; };
		04BBB9D02AA1BC4E00A4AB12 /* FontAwesome6_Brands.ttf in Resources */ = {isa = PBXBuildFile; fileRef = 04BBB9BD2AA1BC4E00A4AB12 /* FontAwesome6_Brands.ttf */; };
		0802301D3F3649DAB72570C8 /* Inter Black.ttf in Resources */ = {isa = PBXBuildFile; fileRef = 311F23B81CE7480CA4D2C462 /* Inter Black.ttf */; };
		13B07FBC1A68108700A75B9A /* AppDelegate.mm in Sources */ = {isa = PBXBuildFile; fileRef = 13B07FB01A68108700A75B9A /* AppDelegate.mm */; };
		13B07FBF1A68108700A75B9A /* Images.xcassets in Resources */ = {isa = PBXBuildFile; fileRef = 13B07FB51A68108700A75B9A /* Images.xcassets */; };
		13B07FC11A68108700A75B9A /* main.m in Sources */ = {isa = PBXBuildFile; fileRef = 13B07FB71A68108700A75B9A /* main.m */; };
		2076DDABB9824FED84A893AE /* Inter Regular.ttf in Resources */ = {isa = PBXBuildFile; fileRef = AFC9DB7DD5A3458685E5A2DC /* Inter Regular.ttf */; };
		3495C00260814D26AD2798A2 /* Poppins ExtraBold.ttf in Resources */ = {isa = PBXBuildFile; fileRef = 6E243A2DA8884B8096EB7343 /* Poppins ExtraBold.ttf */; };
		37551385853048C7811A9D3A /* Poppins Bold.ttf in Resources */ = {isa = PBXBuildFile; fileRef = 3A1DDE8AC78441FCAAF5A453 /* Poppins Bold.ttf */; };
		40564881F9084D398010796D /* Inter Thin.ttf in Resources */ = {isa = PBXBuildFile; fileRef = 51A00EADA8ED455BA61DE61A /* Inter Thin.ttf */; };
		45552979B366402ABE397315 /* Inter Light.ttf in Resources */ = {isa = PBXBuildFile; fileRef = 8864451CB49942FDACED1DFD /* Inter Light.ttf */; };
		48CAA71FAB8C4873BA26FB8A /* Inter ExtraLight.ttf in Resources */ = {isa = PBXBuildFile; fileRef = BF1B6E51DD7849F2A7D593DD /* Inter ExtraLight.ttf */; };
		6D73EFB57E3A7957C68A9920 /* libPods-Stocker-StockerTests.a in Frameworks */ = {isa = PBXBuildFile; fileRef = C9887052E67003D8E04D81C2 /* libPods-Stocker-StockerTests.a */; };
		70D1FEE794E54A0D99370F71 /* Poppins ExtraLight.ttf in Resources */ = {isa = PBXBuildFile; fileRef = 5BEAFC01EEB046C4ABFA9075 /* Poppins ExtraLight.ttf */; };
		74E0BB29E25C4F9AB50933F3 /* Poppins Light.ttf in Resources */ = {isa = PBXBuildFile; fileRef = 1DA0158F4138476EAC519D1E /* Poppins Light.ttf */; };
		81AB9BB82411601600AC10FF /* LaunchScreen.storyboard in Resources */ = {isa = PBXBuildFile; fileRef = 81AB9BB72411601600AC10FF /* LaunchScreen.storyboard */; };
		8599197A87EC465995AA7313 /* Inter SemiBold.ttf in Resources */ = {isa = PBXBuildFile; fileRef = 7EA1708B556B4C53AEBB19DC /* Inter SemiBold.ttf */; };
		BE27B478988E493BB9A31D83 /* Poppins Black.ttf in Resources */ = {isa = PBXBuildFile; fileRef = D6D6B653030543548797F7B8 /* Poppins Black.ttf */; };
		C4B806CD00B6C9FE99ACB32B /* libPods-Stocker.a in Frameworks */ = {isa = PBXBuildFile; fileRef = 08404C40E74A00EC1C87E5B7 /* libPods-Stocker.a */; };
		D8670EE7E8B44680A90CBC7F /* Poppins SemiBold.ttf in Resources */ = {isa = PBXBuildFile; fileRef = 8A729F7DE7164BBB9C0BFED5 /* Poppins SemiBold.ttf */; };
		DF99E587AB9C45FDBB1B8B45 /* Poppins Thin.ttf in Resources */ = {isa = PBXBuildFile; fileRef = B4ACCFF9FC6C493B8BD14B48 /* Poppins Thin.ttf */; };
		E74EC75FD6A84F06BB99266C /* Inter Bold.ttf in Resources */ = {isa = PBXBuildFile; fileRef = 548F26349E8D4D55880B16BD /* Inter Bold.ttf */; };
		E9D330879D2E401FBA0C879B /* Inter ExtraBold.ttf in Resources */ = {isa = PBXBuildFile; fileRef = 7481E81DA3944EE6B83BA91F /* Inter ExtraBold.ttf */; };
		F69BD8142B114BBB8654CF26 /* Poppins Regular.ttf in Resources */ = {isa = PBXBuildFile; fileRef = 67B791716D85449B8B441109 /* Poppins Regular.ttf */; };
		FFB51EAE19CF4E31944627C4 /* Poppins Medium.ttf in Resources */ = {isa = PBXBuildFile; fileRef = 2E0037DFA174429194B97FCD /* Poppins Medium.ttf */; };
/* End PBXBuildFile section */

/* Begin PBXContainerItemProxy section */
		00E356F41AD99517003FC87E /* PBXContainerItemProxy */ = {
			isa = PBXContainerItemProxy;
			containerPortal = 83CBB9F71A601CBA00E9B192 /* Project object */;
			proxyType = 1;
			remoteGlobalIDString = 13B07F861A680F5B00A75B9A;
			remoteInfo = Stocker;
		};
/* End PBXContainerItemProxy section */

/* Begin PBXFileReference section */
		00E356EE1AD99517003FC87E /* StockerTests.xctest */ = {isa = PBXFileReference; explicitFileType = wrapper.cfbundle; includeInIndex = 0; path = StockerTests.xctest; sourceTree = BUILT_PRODUCTS_DIR; };
		00E356F11AD99517003FC87E /* Info.plist */ = {isa = PBXFileReference; lastKnownFileType = text.plist.xml; path = Info.plist; sourceTree = "<group>"; };
		00E356F21AD99517003FC87E /* StockerTests.m */ = {isa = PBXFileReference; lastKnownFileType = sourcecode.c.objc; path = StockerTests.m; sourceTree = "<group>"; };
		04BBB9AB2AA1BC4C00A4AB12 /* FontAwesome6_Solid.ttf */ = {isa = PBXFileReference; lastKnownFileType = file; name = FontAwesome6_Solid.ttf; path = "../../node_modules/react-native-vector-icons/Fonts/FontAwesome6_Solid.ttf"; sourceTree = "<group>"; };
		04BBB9AC2AA1BC4C00A4AB12 /* SimpleLineIcons.ttf */ = {isa = PBXFileReference; lastKnownFileType = file; name = SimpleLineIcons.ttf; path = "../../node_modules/react-native-vector-icons/Fonts/SimpleLineIcons.ttf"; sourceTree = "<group>"; };
		04BBB9AD2AA1BC4C00A4AB12 /* AntDesign.ttf */ = {isa = PBXFileReference; lastKnownFileType = file; name = AntDesign.ttf; path = "../../node_modules/react-native-vector-icons/Fonts/AntDesign.ttf"; sourceTree = "<group>"; };
		04BBB9AE2AA1BC4C00A4AB12 /* MaterialCommunityIcons.ttf */ = {isa = PBXFileReference; lastKnownFileType = file; name = MaterialCommunityIcons.ttf; path = "../../node_modules/react-native-vector-icons/Fonts/MaterialCommunityIcons.ttf"; sourceTree = "<group>"; };
		04BBB9AF2AA1BC4C00A4AB12 /* EvilIcons.ttf */ = {isa = PBXFileReference; lastKnownFileType = file; name = EvilIcons.ttf; path = "../../node_modules/react-native-vector-icons/Fonts/EvilIcons.ttf"; sourceTree = "<group>"; };
		04BBB9B02AA1BC4C00A4AB12 /* FontAwesome.ttf */ = {isa = PBXFileReference; lastKnownFileType = file; name = FontAwesome.ttf; path = "../../node_modules/react-native-vector-icons/Fonts/FontAwesome.ttf"; sourceTree = "<group>"; };
		04BBB9B12AA1BC4C00A4AB12 /* Foundation.ttf */ = {isa = PBXFileReference; lastKnownFileType = file; name = Foundation.ttf; path = "../../node_modules/react-native-vector-icons/Fonts/Foundation.ttf"; sourceTree = "<group>"; };
		04BBB9B22AA1BC4D00A4AB12 /* FontAwesome5_Regular.ttf */ = {isa = PBXFileReference; lastKnownFileType = file; name = FontAwesome5_Regular.ttf; path = "../../node_modules/react-native-vector-icons/Fonts/FontAwesome5_Regular.ttf"; sourceTree = "<group>"; };
		04BBB9B32AA1BC4D00A4AB12 /* MaterialIcons.ttf */ = {isa = PBXFileReference; lastKnownFileType = file; name = MaterialIcons.ttf; path = "../../node_modules/react-native-vector-icons/Fonts/MaterialIcons.ttf"; sourceTree = "<group>"; };
		04BBB9B42AA1BC4D00A4AB12 /* Zocial.ttf */ = {isa = PBXFileReference; lastKnownFileType = file; name = Zocial.ttf; path = "../../node_modules/react-native-vector-icons/Fonts/Zocial.ttf"; sourceTree = "<group>"; };
		04BBB9B52AA1BC4D00A4AB12 /* Octicons.ttf */ = {isa = PBXFileReference; lastKnownFileType = file; name = Octicons.ttf; path = "../../node_modules/react-native-vector-icons/Fonts/Octicons.ttf"; sourceTree = "<group>"; };
		04BBB9B62AA1BC4D00A4AB12 /* FontAwesome6_Regular.ttf */ = {isa = PBXFileReference; lastKnownFileType = file; name = FontAwesome6_Regular.ttf; path = "../../node_modules/react-native-vector-icons/Fonts/FontAwesome6_Regular.ttf"; sourceTree = "<group>"; };
		04BBB9B72AA1BC4D00A4AB12 /* Entypo.ttf */ = {isa = PBXFileReference; lastKnownFileType = file; name = Entypo.ttf; path = "../../node_modules/react-native-vector-icons/Fonts/Entypo.ttf"; sourceTree = "<group>"; };
		04BBB9B82AA1BC4D00A4AB12 /* FontAwesome5_Solid.ttf */ = {isa = PBXFileReference; lastKnownFileType = file; name = FontAwesome5_Solid.ttf; path = "../../node_modules/react-native-vector-icons/Fonts/FontAwesome5_Solid.ttf"; sourceTree = "<group>"; };
		04BBB9B92AA1BC4D00A4AB12 /* Ionicons.ttf */ = {isa = PBXFileReference; lastKnownFileType = file; name = Ionicons.ttf; path = "../../node_modules/react-native-vector-icons/Fonts/Ionicons.ttf"; sourceTree = "<group>"; };
		04BBB9BA2AA1BC4E00A4AB12 /* Feather.ttf */ = {isa = PBXFileReference; lastKnownFileType = file; name = Feather.ttf; path = "../../node_modules/react-native-vector-icons/Fonts/Feather.ttf"; sourceTree = "<group>"; };
		04BBB9BB2AA1BC4E00A4AB12 /* Fontisto.ttf */ = {isa = PBXFileReference; lastKnownFileType = file; name = Fontisto.ttf; path = "../../node_modules/react-native-vector-icons/Fonts/Fontisto.ttf"; sourceTree = "<group>"; };
		04BBB9BC2AA1BC4E00A4AB12 /* FontAwesome5_Brands.ttf */ = {isa = PBXFileReference; lastKnownFileType = file; name = FontAwesome5_Brands.ttf; path = "../../node_modules/react-native-vector-icons/Fonts/FontAwesome5_Brands.ttf"; sourceTree = "<group>"; };
		04BBB9BD2AA1BC4E00A4AB12 /* FontAwesome6_Brands.ttf */ = {isa = PBXFileReference; lastKnownFileType = file; name = FontAwesome6_Brands.ttf; path = "../../node_modules/react-native-vector-icons/Fonts/FontAwesome6_Brands.ttf"; sourceTree = "<group>"; };
		08404C40E74A00EC1C87E5B7 /* libPods-Stocker.a */ = {isa = PBXFileReference; explicitFileType = archive.ar; includeInIndex = 0; path = "libPods-Stocker.a"; sourceTree = BUILT_PRODUCTS_DIR; };
		13B07F961A680F5B00A75B9A /* Stocker.app */ = {isa = PBXFileReference; explicitFileType = wrapper.application; includeInIndex = 0; path = Stocker.app; sourceTree = BUILT_PRODUCTS_DIR; };
		13B07FAF1A68108700A75B9A /* AppDelegate.h */ = {isa = PBXFileReference; fileEncoding = 4; lastKnownFileType = sourcecode.c.h; name = AppDelegate.h; path = Stocker/AppDelegate.h; sourceTree = "<group>"; };
		13B07FB01A68108700A75B9A /* AppDelegate.mm */ = {isa = PBXFileReference; fileEncoding = 4; lastKnownFileType = sourcecode.cpp.objcpp; name = AppDelegate.mm; path = Stocker/AppDelegate.mm; sourceTree = "<group>"; };
		13B07FB51A68108700A75B9A /* Images.xcassets */ = {isa = PBXFileReference; lastKnownFileType = folder.assetcatalog; name = Images.xcassets; path = Stocker/Images.xcassets; sourceTree = "<group>"; };
		13B07FB61A68108700A75B9A /* Info.plist */ = {isa = PBXFileReference; fileEncoding = 4; lastKnownFileType = text.plist.xml; name = Info.plist; path = Stocker/Info.plist; sourceTree = "<group>"; };
		13B07FB71A68108700A75B9A /* main.m */ = {isa = PBXFileReference; fileEncoding = 4; lastKnownFileType = sourcecode.c.objc; name = main.m; path = Stocker/main.m; sourceTree = "<group>"; };
		1DA0158F4138476EAC519D1E /* Poppins Light.ttf */ = {isa = PBXFileReference; explicitFileType = undefined; fileEncoding = 9; includeInIndex = 0; lastKnownFileType = unknown; name = "Poppins Light.ttf"; path = "../assets/fonts/Poppins Light.ttf"; sourceTree = "<group>"; };
		2E0037DFA174429194B97FCD /* Poppins Medium.ttf */ = {isa = PBXFileReference; explicitFileType = undefined; fileEncoding = 9; includeInIndex = 0; lastKnownFileType = unknown; name = "Poppins Medium.ttf"; path = "../assets/fonts/Poppins Medium.ttf"; sourceTree = "<group>"; };
		311F23B81CE7480CA4D2C462 /* Inter Black.ttf */ = {isa = PBXFileReference; explicitFileType = undefined; fileEncoding = 9; includeInIndex = 0; lastKnownFileType = unknown; name = "Inter Black.ttf"; path = "../assets/fonts/Inter Black.ttf"; sourceTree = "<group>"; };
		35D8C3FF52783D721EFB12BD /* Pods-Stocker-StockerTests.release.xcconfig */ = {isa = PBXFileReference; includeInIndex = 1; lastKnownFileType = text.xcconfig; name = "Pods-Stocker-StockerTests.release.xcconfig"; path = "Target Support Files/Pods-Stocker-StockerTests/Pods-Stocker-StockerTests.release.xcconfig"; sourceTree = "<group>"; };
		3A1DDE8AC78441FCAAF5A453 /* Poppins Bold.ttf */ = {isa = PBXFileReference; explicitFileType = undefined; fileEncoding = 9; includeInIndex = 0; lastKnownFileType = unknown; name = "Poppins Bold.ttf"; path = "../assets/fonts/Poppins Bold.ttf"; sourceTree = "<group>"; };
		49EC80FCD17F9868ECD5020E /* Pods-Stocker-StockerTests.debug.xcconfig */ = {isa = PBXFileReference; includeInIndex = 1; lastKnownFileType = text.xcconfig; name = "Pods-Stocker-StockerTests.debug.xcconfig"; path = "Target Support Files/Pods-Stocker-StockerTests/Pods-Stocker-StockerTests.debug.xcconfig"; sourceTree = "<group>"; };
		51A00EADA8ED455BA61DE61A /* Inter Thin.ttf */ = {isa = PBXFileReference; explicitFileType = undefined; fileEncoding = 9; includeInIndex = 0; lastKnownFileType = unknown; name = "Inter Thin.ttf"; path = "../assets/fonts/Inter Thin.ttf"; sourceTree = "<group>"; };
		548F26349E8D4D55880B16BD /* Inter Bold.ttf */ = {isa = PBXFileReference; explicitFileType = undefined; fileEncoding = 9; includeInIndex = 0; lastKnownFileType = unknown; name = "Inter Bold.ttf"; path = "../assets/fonts/Inter Bold.ttf"; sourceTree = "<group>"; };
		5BEAFC01EEB046C4ABFA9075 /* Poppins ExtraLight.ttf */ = {isa = PBXFileReference; explicitFileType = undefined; fileEncoding = 9; includeInIndex = 0; lastKnownFileType = unknown; name = "Poppins ExtraLight.ttf"; path = "../assets/fonts/Poppins ExtraLight.ttf"; sourceTree = "<group>"; };
		5E7D829255C049A68AB4B049 /* Inter Medium.ttf */ = {isa = PBXFileReference; explicitFileType = undefined; fileEncoding = 9; includeInIndex = 0; lastKnownFileType = unknown; name = "Inter Medium.ttf"; path = "../assets/fonts/Inter Medium.ttf"; sourceTree = "<group>"; };
		67B791716D85449B8B441109 /* Poppins Regular.ttf */ = {isa = PBXFileReference; explicitFileType = undefined; fileEncoding = 9; includeInIndex = 0; lastKnownFileType = unknown; name = "Poppins Regular.ttf"; path = "../assets/fonts/Poppins Regular.ttf"; sourceTree = "<group>"; };
		6E243A2DA8884B8096EB7343 /* Poppins ExtraBold.ttf */ = {isa = PBXFileReference; explicitFileType = undefined; fileEncoding = 9; includeInIndex = 0; lastKnownFileType = unknown; name = "Poppins ExtraBold.ttf"; path = "../assets/fonts/Poppins ExtraBold.ttf"; sourceTree = "<group>"; };
		7481E81DA3944EE6B83BA91F /* Inter ExtraBold.ttf */ = {isa = PBXFileReference; explicitFileType = undefined; fileEncoding = 9; includeInIndex = 0; lastKnownFileType = unknown; name = "Inter ExtraBold.ttf"; path = "../assets/fonts/Inter ExtraBold.ttf"; sourceTree = "<group>"; };
		7EA1708B556B4C53AEBB19DC /* Inter SemiBold.ttf */ = {isa = PBXFileReference; explicitFileType = undefined; fileEncoding = 9; includeInIndex = 0; lastKnownFileType = unknown; name = "Inter SemiBold.ttf"; path = "../assets/fonts/Inter SemiBold.ttf"; sourceTree = "<group>"; };
		81AB9BB72411601600AC10FF /* LaunchScreen.storyboard */ = {isa = PBXFileReference; fileEncoding = 4; lastKnownFileType = file.storyboard; name = LaunchScreen.storyboard; path = Stocker/LaunchScreen.storyboard; sourceTree = "<group>"; };
		8864451CB49942FDACED1DFD /* Inter Light.ttf */ = {isa = PBXFileReference; explicitFileType = undefined; fileEncoding = 9; includeInIndex = 0; lastKnownFileType = unknown; name = "Inter Light.ttf"; path = "../assets/fonts/Inter Light.ttf"; sourceTree = "<group>"; };
		8A729F7DE7164BBB9C0BFED5 /* Poppins SemiBold.ttf */ = {isa = PBXFileReference; explicitFileType = undefined; fileEncoding = 9; includeInIndex = 0; lastKnownFileType = unknown; name = "Poppins SemiBold.ttf"; path = "../assets/fonts/Poppins SemiBold.ttf"; sourceTree = "<group>"; };
		9A9F6E8BA04D085BEB8FF872 /* Pods-Stocker.debug.xcconfig */ = {isa = PBXFileReference; includeInIndex = 1; lastKnownFileType = text.xcconfig; name = "Pods-Stocker.debug.xcconfig"; path = "Target Support Files/Pods-Stocker/Pods-Stocker.debug.xcconfig"; sourceTree = "<group>"; };
		AFC9DB7DD5A3458685E5A2DC /* Inter Regular.ttf */ = {isa = PBXFileReference; explicitFileType = undefined; fileEncoding = 9; includeInIndex = 0; lastKnownFileType = unknown; name = "Inter Regular.ttf"; path = "../assets/fonts/Inter Regular.ttf"; sourceTree = "<group>"; };
		B4ACCFF9FC6C493B8BD14B48 /* Poppins Thin.ttf */ = {isa = PBXFileReference; explicitFileType = undefined; fileEncoding = 9; includeInIndex = 0; lastKnownFileType = unknown; name = "Poppins Thin.ttf"; path = "../assets/fonts/Poppins Thin.ttf"; sourceTree = "<group>"; };
		BF1B6E51DD7849F2A7D593DD /* Inter ExtraLight.ttf */ = {isa = PBXFileReference; explicitFileType = undefined; fileEncoding = 9; includeInIndex = 0; lastKnownFileType = unknown; name = "Inter ExtraLight.ttf"; path = "../assets/fonts/Inter ExtraLight.ttf"; sourceTree = "<group>"; };
		C9887052E67003D8E04D81C2 /* libPods-Stocker-StockerTests.a */ = {isa = PBXFileReference; explicitFileType = archive.ar; includeInIndex = 0; path = "libPods-Stocker-StockerTests.a"; sourceTree = BUILT_PRODUCTS_DIR; };
		D6D6B653030543548797F7B8 /* Poppins Black.ttf */ = {isa = PBXFileReference; explicitFileType = undefined; fileEncoding = 9; includeInIndex = 0; lastKnownFileType = unknown; name = "Poppins Black.ttf"; path = "../assets/fonts/Poppins Black.ttf"; sourceTree = "<group>"; };
		ED297162215061F000B7C4FE /* JavaScriptCore.framework */ = {isa = PBXFileReference; lastKnownFileType = wrapper.framework; name = JavaScriptCore.framework; path = System/Library/Frameworks/JavaScriptCore.framework; sourceTree = SDKROOT; };
		FFB64CB6DE31452E883868D1 /* Pods-Stocker.release.xcconfig */ = {isa = PBXFileReference; includeInIndex = 1; lastKnownFileType = text.xcconfig; name = "Pods-Stocker.release.xcconfig"; path = "Target Support Files/Pods-Stocker/Pods-Stocker.release.xcconfig"; sourceTree = "<group>"; };
/* End PBXFileReference section */

/* Begin PBXFrameworksBuildPhase section */
		00E356EB1AD99517003FC87E /* Frameworks */ = {
			isa = PBXFrameworksBuildPhase;
			buildActionMask = 2147483647;
			files = (
				6D73EFB57E3A7957C68A9920 /* libPods-Stocker-StockerTests.a in Frameworks */,
			);
			runOnlyForDeploymentPostprocessing = 0;
		};
		13B07F8C1A680F5B00A75B9A /* Frameworks */ = {
			isa = PBXFrameworksBuildPhase;
			buildActionMask = 2147483647;
			files = (
				C4B806CD00B6C9FE99ACB32B /* libPods-Stocker.a in Frameworks */,
			);
			runOnlyForDeploymentPostprocessing = 0;
		};
/* End PBXFrameworksBuildPhase section */

/* Begin PBXGroup section */
		00E356EF1AD99517003FC87E /* StockerTests */ = {
			isa = PBXGroup;
			children = (
				00E356F21AD99517003FC87E /* StockerTests.m */,
				00E356F01AD99517003FC87E /* Supporting Files */,
			);
			path = StockerTests;
			sourceTree = "<group>";
		};
		00E356F01AD99517003FC87E /* Supporting Files */ = {
			isa = PBXGroup;
			children = (
				00E356F11AD99517003FC87E /* Info.plist */,
			);
			name = "Supporting Files";
			sourceTree = "<group>";
		};
		04BBB9AA2AA1BBDC00A4AB12 /* Fonts */ = {
			isa = PBXGroup;
			children = (
				04BBB9AD2AA1BC4C00A4AB12 /* AntDesign.ttf */,
				04BBB9B72AA1BC4D00A4AB12 /* Entypo.ttf */,
				04BBB9AF2AA1BC4C00A4AB12 /* EvilIcons.ttf */,
				04BBB9BA2AA1BC4E00A4AB12 /* Feather.ttf */,
				04BBB9B02AA1BC4C00A4AB12 /* FontAwesome.ttf */,
				04BBB9BC2AA1BC4E00A4AB12 /* FontAwesome5_Brands.ttf */,
				04BBB9B22AA1BC4D00A4AB12 /* FontAwesome5_Regular.ttf */,
				04BBB9B82AA1BC4D00A4AB12 /* FontAwesome5_Solid.ttf */,
				04BBB9BD2AA1BC4E00A4AB12 /* FontAwesome6_Brands.ttf */,
				04BBB9B62AA1BC4D00A4AB12 /* FontAwesome6_Regular.ttf */,
				04BBB9AB2AA1BC4C00A4AB12 /* FontAwesome6_Solid.ttf */,
				04BBB9BB2AA1BC4E00A4AB12 /* Fontisto.ttf */,
				04BBB9B12AA1BC4C00A4AB12 /* Foundation.ttf */,
				04BBB9B92AA1BC4D00A4AB12 /* Ionicons.ttf */,
				04BBB9AE2AA1BC4C00A4AB12 /* MaterialCommunityIcons.ttf */,
				04BBB9B32AA1BC4D00A4AB12 /* MaterialIcons.ttf */,
				04BBB9B52AA1BC4D00A4AB12 /* Octicons.ttf */,
				04BBB9AC2AA1BC4C00A4AB12 /* SimpleLineIcons.ttf */,
				04BBB9B42AA1BC4D00A4AB12 /* Zocial.ttf */,
			);
			path = Fonts;
			sourceTree = "<group>";
		};
		13B07FAE1A68108700A75B9A /* Stocker */ = {
			isa = PBXGroup;
			children = (
				13B07FAF1A68108700A75B9A /* AppDelegate.h */,
				13B07FB01A68108700A75B9A /* AppDelegate.mm */,
				13B07FB51A68108700A75B9A /* Images.xcassets */,
				13B07FB61A68108700A75B9A /* Info.plist */,
				81AB9BB72411601600AC10FF /* LaunchScreen.storyboard */,
				13B07FB71A68108700A75B9A /* main.m */,
			);
			name = Stocker;
			sourceTree = "<group>";
		};
		2D16E6871FA4F8E400B85C8A /* Frameworks */ = {
			isa = PBXGroup;
			children = (
				ED297162215061F000B7C4FE /* JavaScriptCore.framework */,
				08404C40E74A00EC1C87E5B7 /* libPods-Stocker.a */,
				C9887052E67003D8E04D81C2 /* libPods-Stocker-StockerTests.a */,
			);
			name = Frameworks;
			sourceTree = "<group>";
		};
		832341AE1AAA6A7D00B99B32 /* Libraries */ = {
			isa = PBXGroup;
			children = (
			);
			name = Libraries;
			sourceTree = "<group>";
		};
		83CBB9F61A601CBA00E9B192 = {
			isa = PBXGroup;
			children = (
				04BBB9AA2AA1BBDC00A4AB12 /* Fonts */,
				13B07FAE1A68108700A75B9A /* Stocker */,
				832341AE1AAA6A7D00B99B32 /* Libraries */,
				00E356EF1AD99517003FC87E /* StockerTests */,
				83CBBA001A601CBA00E9B192 /* Products */,
				2D16E6871FA4F8E400B85C8A /* Frameworks */,
				BBD78D7AC51CEA395F1C20DB /* Pods */,
				F84BC1C0B673414DB7EF8140 /* Resources */,
			);
			indentWidth = 2;
			sourceTree = "<group>";
			tabWidth = 2;
			usesTabs = 0;
		};
		83CBBA001A601CBA00E9B192 /* Products */ = {
			isa = PBXGroup;
			children = (
				13B07F961A680F5B00A75B9A /* Stocker.app */,
				00E356EE1AD99517003FC87E /* StockerTests.xctest */,
			);
			name = Products;
			sourceTree = "<group>";
		};
		BBD78D7AC51CEA395F1C20DB /* Pods */ = {
			isa = PBXGroup;
			children = (
				9A9F6E8BA04D085BEB8FF872 /* Pods-Stocker.debug.xcconfig */,
				FFB64CB6DE31452E883868D1 /* Pods-Stocker.release.xcconfig */,
				49EC80FCD17F9868ECD5020E /* Pods-Stocker-StockerTests.debug.xcconfig */,
				35D8C3FF52783D721EFB12BD /* Pods-Stocker-StockerTests.release.xcconfig */,
			);
			path = Pods;
			sourceTree = "<group>";
		};
		F84BC1C0B673414DB7EF8140 /* Resources */ = {
			isa = PBXGroup;
			children = (
				311F23B81CE7480CA4D2C462 /* Inter Black.ttf */,
				548F26349E8D4D55880B16BD /* Inter Bold.ttf */,
				7481E81DA3944EE6B83BA91F /* Inter ExtraBold.ttf */,
				BF1B6E51DD7849F2A7D593DD /* Inter ExtraLight.ttf */,
				8864451CB49942FDACED1DFD /* Inter Light.ttf */,
				5E7D829255C049A68AB4B049 /* Inter Medium.ttf */,
				AFC9DB7DD5A3458685E5A2DC /* Inter Regular.ttf */,
				7EA1708B556B4C53AEBB19DC /* Inter SemiBold.ttf */,
				51A00EADA8ED455BA61DE61A /* Inter Thin.ttf */,
				D6D6B653030543548797F7B8 /* Poppins Black.ttf */,
				3A1DDE8AC78441FCAAF5A453 /* Poppins Bold.ttf */,
				6E243A2DA8884B8096EB7343 /* Poppins ExtraBold.ttf */,
				5BEAFC01EEB046C4ABFA9075 /* Poppins ExtraLight.ttf */,
				1DA0158F4138476EAC519D1E /* Poppins Light.ttf */,
				2E0037DFA174429194B97FCD /* Poppins Medium.ttf */,
				67B791716D85449B8B441109 /* Poppins Regular.ttf */,
				8A729F7DE7164BBB9C0BFED5 /* Poppins SemiBold.ttf */,
				B4ACCFF9FC6C493B8BD14B48 /* Poppins Thin.ttf */,
			);
			name = Resources;
			sourceTree = "<group>";
		};
/* End PBXGroup section */

/* Begin PBXNativeTarget section */
		00E356ED1AD99517003FC87E /* StockerTests */ = {
			isa = PBXNativeTarget;
			buildConfigurationList = 00E357021AD99517003FC87E /* Build configuration list for PBXNativeTarget "StockerTests" */;
			buildPhases = (
				8FE1D8746F78E7B73009B8C5 /* [CP] Check Pods Manifest.lock */,
				00E356EA1AD99517003FC87E /* Sources */,
				00E356EB1AD99517003FC87E /* Frameworks */,
				00E356EC1AD99517003FC87E /* Resources */,
				C0142DACF73CD650DF230E5B /* [CP] Embed Pods Frameworks */,
				E15CAAAA63E080E83898AFD1 /* [CP] Copy Pods Resources */,
			);
			buildRules = (
			);
			dependencies = (
				00E356F51AD99517003FC87E /* PBXTargetDependency */,
			);
			name = StockerTests;
			productName = StockerTests;
			productReference = 00E356EE1AD99517003FC87E /* StockerTests.xctest */;
			productType = "com.apple.product-type.bundle.unit-test";
		};
		13B07F861A680F5B00A75B9A /* Stocker */ = {
			isa = PBXNativeTarget;
			buildConfigurationList = 13B07F931A680F5B00A75B9A /* Build configuration list for PBXNativeTarget "Stocker" */;
			buildPhases = (
				A273CCA43EF3E328840A0DA4 /* [CP] Check Pods Manifest.lock */,
				FD10A7F022414F080027D42C /* Start Packager */,
				13B07F871A680F5B00A75B9A /* Sources */,
				13B07F8C1A680F5B00A75B9A /* Frameworks */,
				13B07F8E1A680F5B00A75B9A /* Resources */,
				00DD1BFF1BD5951E006B06BC /* Bundle React Native code and images */,
				26E93260EF9C4A7D8FDF86B0 /* [CP] Embed Pods Frameworks */,
				7D826FFDBBD21A7738BE0826 /* [CP] Copy Pods Resources */,
			);
			buildRules = (
			);
			dependencies = (
			);
			name = Stocker;
			productName = Stocker;
			productReference = 13B07F961A680F5B00A75B9A /* Stocker.app */;
			productType = "com.apple.product-type.application";
		};
/* End PBXNativeTarget section */

/* Begin PBXProject section */
		83CBB9F71A601CBA00E9B192 /* Project object */ = {
			isa = PBXProject;
			attributes = {
				LastUpgradeCheck = 1210;
				TargetAttributes = {
					00E356ED1AD99517003FC87E = {
						CreatedOnToolsVersion = 6.2;
						TestTargetID = 13B07F861A680F5B00A75B9A;
					};
					13B07F861A680F5B00A75B9A = {
						LastSwiftMigration = 1120;
					};
				};
			};
			buildConfigurationList = 83CBB9FA1A601CBA00E9B192 /* Build configuration list for PBXProject "Stocker" */;
			compatibilityVersion = "Xcode 12.0";
			developmentRegion = en;
			hasScannedForEncodings = 0;
			knownRegions = (
				en,
				Base,
			);
			mainGroup = 83CBB9F61A601CBA00E9B192;
			productRefGroup = 83CBBA001A601CBA00E9B192 /* Products */;
			projectDirPath = "";
			projectRoot = "";
			targets = (
				13B07F861A680F5B00A75B9A /* Stocker */,
				00E356ED1AD99517003FC87E /* StockerTests */,
			);
		};
/* End PBXProject section */

/* Begin PBXResourcesBuildPhase section */
		00E356EC1AD99517003FC87E /* Resources */ = {
			isa = PBXResourcesBuildPhase;
			buildActionMask = 2147483647;
			files = (
			);
			runOnlyForDeploymentPostprocessing = 0;
		};
		13B07F8E1A680F5B00A75B9A /* Resources */ = {
			isa = PBXResourcesBuildPhase;
			buildActionMask = 2147483647;
			files = (
				81AB9BB82411601600AC10FF /* LaunchScreen.storyboard in Resources */,
				04BBB9CA2AA1BC4E00A4AB12 /* Entypo.ttf in Resources */,
				04BBB9C32AA1BC4E00A4AB12 /* FontAwesome.ttf in Resources */,
				04BBB9C82AA1BC4E00A4AB12 /* Octicons.ttf in Resources */,
				04BBB9C92AA1BC4E00A4AB12 /* FontAwesome6_Regular.ttf in Resources */,
				13B07FBF1A68108700A75B9A /* Images.xcassets in Resources */,
				0802301D3F3649DAB72570C8 /* Inter Black.ttf in Resources */,
				E74EC75FD6A84F06BB99266C /* Inter Bold.ttf in Resources */,
				E9D330879D2E401FBA0C879B /* Inter ExtraBold.ttf in Resources */,
				04BBB9CE2AA1BC4E00A4AB12 /* Fontisto.ttf in Resources */,
				48CAA71FAB8C4873BA26FB8A /* Inter ExtraLight.ttf in Resources */,
				04BBB9CC2AA1BC4E00A4AB12 /* Ionicons.ttf in Resources */,
				04BBB9C02AA1BC4E00A4AB12 /* AntDesign.ttf in Resources */,
				45552979B366402ABE397315 /* Inter Light.ttf in Resources */,
				03E600DA4CF146EB86462CAD /* Inter Medium.ttf in Resources */,
				2076DDABB9824FED84A893AE /* Inter Regular.ttf in Resources */,
				8599197A87EC465995AA7313 /* Inter SemiBold.ttf in Resources */,
				04BBB9C42AA1BC4E00A4AB12 /* Foundation.ttf in Resources */,
				40564881F9084D398010796D /* Inter Thin.ttf in Resources */,
				04BBB9C52AA1BC4E00A4AB12 /* FontAwesome5_Regular.ttf in Resources */,
				BE27B478988E493BB9A31D83 /* Poppins Black.ttf in Resources */,
				37551385853048C7811A9D3A /* Poppins Bold.ttf in Resources */,
				04BBB9BE2AA1BC4E00A4AB12 /* FontAwesome6_Solid.ttf in Resources */,
				04BBB9C62AA1BC4E00A4AB12 /* MaterialIcons.ttf in Resources */,
				3495C00260814D26AD2798A2 /* Poppins ExtraBold.ttf in Resources */,
				04BBB9CF2AA1BC4E00A4AB12 /* FontAwesome5_Brands.ttf in Resources */,
				04BBB9BF2AA1BC4E00A4AB12 /* SimpleLineIcons.ttf in Resources */,
				70D1FEE794E54A0D99370F71 /* Poppins ExtraLight.ttf in Resources */,
				04BBB9CD2AA1BC4E00A4AB12 /* Feather.ttf in Resources */,
				04BBB9C72AA1BC4E00A4AB12 /* Zocial.ttf in Resources */,
				04BBB9C22AA1BC4E00A4AB12 /* EvilIcons.ttf in Resources */,
				74E0BB29E25C4F9AB50933F3 /* Poppins Light.ttf in Resources */,
				FFB51EAE19CF4E31944627C4 /* Poppins Medium.ttf in Resources */,
				F69BD8142B114BBB8654CF26 /* Poppins Regular.ttf in Resources */,
				D8670EE7E8B44680A90CBC7F /* Poppins SemiBold.ttf in Resources */,
				04BBB9C12AA1BC4E00A4AB12 /* MaterialCommunityIcons.ttf in Resources */,
				DF99E587AB9C45FDBB1B8B45 /* Poppins Thin.ttf in Resources */,
				04BBB9D02AA1BC4E00A4AB12 /* FontAwesome6_Brands.ttf in Resources */,
				04BBB9CB2AA1BC4E00A4AB12 /* FontAwesome5_Solid.ttf in Resources */,
			);
			runOnlyForDeploymentPostprocessing = 0;
		};
/* End PBXResourcesBuildPhase section */

/* Begin PBXShellScriptBuildPhase section */
		00DD1BFF1BD5951E006B06BC /* Bundle React Native code and images */ = {
			isa = PBXShellScriptBuildPhase;
			buildActionMask = 2147483647;
			files = (
			);
			inputPaths = (
				"$(SRCROOT)/.xcode.env.local",
				"$(SRCROOT)/.xcode.env",
			);
			name = "Bundle React Native code and images";
			outputPaths = (
			);
			runOnlyForDeploymentPostprocessing = 0;
			shellPath = /bin/sh;
			shellScript = "set -e\n\nWITH_ENVIRONMENT=\"../node_modules/react-native/scripts/xcode/with-environment.sh\"\nREACT_NATIVE_XCODE=\"../node_modules/react-native/scripts/react-native-xcode.sh\"\n\n/bin/sh -c \"$WITH_ENVIRONMENT $REACT_NATIVE_XCODE\"\n";
		};
		26E93260EF9C4A7D8FDF86B0 /* [CP] Embed Pods Frameworks */ = {
			isa = PBXShellScriptBuildPhase;
			buildActionMask = 2147483647;
			files = (
			);
			inputFileListPaths = (
				"${PODS_ROOT}/Target Support Files/Pods-Stocker/Pods-Stocker-frameworks-${CONFIGURATION}-input-files.xcfilelist",
			);
			name = "[CP] Embed Pods Frameworks";
			outputFileListPaths = (
				"${PODS_ROOT}/Target Support Files/Pods-Stocker/Pods-Stocker-frameworks-${CONFIGURATION}-output-files.xcfilelist",
			);
			runOnlyForDeploymentPostprocessing = 0;
			shellPath = /bin/sh;
			shellScript = "\"${PODS_ROOT}/Target Support Files/Pods-Stocker/Pods-Stocker-frameworks.sh\"\n";
			showEnvVarsInLog = 0;
		};
		7D826FFDBBD21A7738BE0826 /* [CP] Copy Pods Resources */ = {
			isa = PBXShellScriptBuildPhase;
			buildActionMask = 2147483647;
			files = (
			);
			inputFileListPaths = (
				"${PODS_ROOT}/Target Support Files/Pods-Stocker/Pods-Stocker-resources-${CONFIGURATION}-input-files.xcfilelist",
			);
			name = "[CP] Copy Pods Resources";
			outputFileListPaths = (
				"${PODS_ROOT}/Target Support Files/Pods-Stocker/Pods-Stocker-resources-${CONFIGURATION}-output-files.xcfilelist",
			);
			runOnlyForDeploymentPostprocessing = 0;
			shellPath = /bin/sh;
			shellScript = "\"${PODS_ROOT}/Target Support Files/Pods-Stocker/Pods-Stocker-resources.sh\"\n";
			showEnvVarsInLog = 0;
		};
		8FE1D8746F78E7B73009B8C5 /* [CP] Check Pods Manifest.lock */ = {
			isa = PBXShellScriptBuildPhase;
			buildActionMask = 2147483647;
			files = (
			);
			inputFileListPaths = (
			);
			inputPaths = (
				"${PODS_PODFILE_DIR_PATH}/Podfile.lock",
				"${PODS_ROOT}/Manifest.lock",
			);
			name = "[CP] Check Pods Manifest.lock";
			outputFileListPaths = (
			);
			outputPaths = (
				"$(DERIVED_FILE_DIR)/Pods-Stocker-StockerTests-checkManifestLockResult.txt",
			);
			runOnlyForDeploymentPostprocessing = 0;
			shellPath = /bin/sh;
			shellScript = "diff \"${PODS_PODFILE_DIR_PATH}/Podfile.lock\" \"${PODS_ROOT}/Manifest.lock\" > /dev/null\nif [ $? != 0 ] ; then\n    # print error to STDERR\n    echo \"error: The sandbox is not in sync with the Podfile.lock. Run 'pod install' or update your CocoaPods installation.\" >&2\n    exit 1\nfi\n# This output is used by Xcode 'outputs' to avoid re-running this script phase.\necho \"SUCCESS\" > \"${SCRIPT_OUTPUT_FILE_0}\"\n";
			showEnvVarsInLog = 0;
		};
		A273CCA43EF3E328840A0DA4 /* [CP] Check Pods Manifest.lock */ = {
			isa = PBXShellScriptBuildPhase;
			buildActionMask = 2147483647;
			files = (
			);
			inputFileListPaths = (
			);
			inputPaths = (
				"${PODS_PODFILE_DIR_PATH}/Podfile.lock",
				"${PODS_ROOT}/Manifest.lock",
			);
			name = "[CP] Check Pods Manifest.lock";
			outputFileListPaths = (
			);
			outputPaths = (
				"$(DERIVED_FILE_DIR)/Pods-Stocker-checkManifestLockResult.txt",
			);
			runOnlyForDeploymentPostprocessing = 0;
			shellPath = /bin/sh;
			shellScript = "diff \"${PODS_PODFILE_DIR_PATH}/Podfile.lock\" \"${PODS_ROOT}/Manifest.lock\" > /dev/null\nif [ $? != 0 ] ; then\n    # print error to STDERR\n    echo \"error: The sandbox is not in sync with the Podfile.lock. Run 'pod install' or update your CocoaPods installation.\" >&2\n    exit 1\nfi\n# This output is used by Xcode 'outputs' to avoid re-running this script phase.\necho \"SUCCESS\" > \"${SCRIPT_OUTPUT_FILE_0}\"\n";
			showEnvVarsInLog = 0;
		};
		C0142DACF73CD650DF230E5B /* [CP] Embed Pods Frameworks */ = {
			isa = PBXShellScriptBuildPhase;
			buildActionMask = 2147483647;
			files = (
			);
			inputFileListPaths = (
				"${PODS_ROOT}/Target Support Files/Pods-Stocker-StockerTests/Pods-Stocker-StockerTests-frameworks-${CONFIGURATION}-input-files.xcfilelist",
			);
			name = "[CP] Embed Pods Frameworks";
			outputFileListPaths = (
				"${PODS_ROOT}/Target Support Files/Pods-Stocker-StockerTests/Pods-Stocker-StockerTests-frameworks-${CONFIGURATION}-output-files.xcfilelist",
			);
			runOnlyForDeploymentPostprocessing = 0;
			shellPath = /bin/sh;
			shellScript = "\"${PODS_ROOT}/Target Support Files/Pods-Stocker-StockerTests/Pods-Stocker-StockerTests-frameworks.sh\"\n";
			showEnvVarsInLog = 0;
		};
		E15CAAAA63E080E83898AFD1 /* [CP] Copy Pods Resources */ = {
			isa = PBXShellScriptBuildPhase;
			buildActionMask = 2147483647;
			files = (
			);
			inputFileListPaths = (
				"${PODS_ROOT}/Target Support Files/Pods-Stocker-StockerTests/Pods-Stocker-StockerTests-resources-${CONFIGURATION}-input-files.xcfilelist",
			);
			name = "[CP] Copy Pods Resources";
			outputFileListPaths = (
				"${PODS_ROOT}/Target Support Files/Pods-Stocker-StockerTests/Pods-Stocker-StockerTests-resources-${CONFIGURATION}-output-files.xcfilelist",
			);
			runOnlyForDeploymentPostprocessing = 0;
			shellPath = /bin/sh;
			shellScript = "\"${PODS_ROOT}/Target Support Files/Pods-Stocker-StockerTests/Pods-Stocker-StockerTests-resources.sh\"\n";
			showEnvVarsInLog = 0;
		};
		FD10A7F022414F080027D42C /* Start Packager */ = {
			isa = PBXShellScriptBuildPhase;
			buildActionMask = 2147483647;
			files = (
			);
			inputFileListPaths = (
			);
			inputPaths = (
			);
			name = "Start Packager";
			outputFileListPaths = (
			);
			outputPaths = (
			);
			runOnlyForDeploymentPostprocessing = 0;
			shellPath = /bin/sh;
			shellScript = "export RCT_METRO_PORT=\"${RCT_METRO_PORT:=8081}\"\necho \"export RCT_METRO_PORT=${RCT_METRO_PORT}\" > \"${SRCROOT}/../node_modules/react-native/scripts/.packager.env\"\nif [ -z \"${RCT_NO_LAUNCH_PACKAGER+xxx}\" ] ; then\n  if nc -w 5 -z localhost ${RCT_METRO_PORT} ; then\n    if ! curl -s \"http://localhost:${RCT_METRO_PORT}/status\" | grep -q \"packager-status:running\" ; then\n      echo \"Port ${RCT_METRO_PORT} already in use, packager is either not running or not running correctly\"\n      exit 2\n    fi\n  else\n    open \"$SRCROOT/../node_modules/react-native/scripts/launchPackager.command\" || echo \"Can't start packager automatically\"\n  fi\nfi\n";
			showEnvVarsInLog = 0;
		};
/* End PBXShellScriptBuildPhase section */

/* Begin PBXSourcesBuildPhase section */
		00E356EA1AD99517003FC87E /* Sources */ = {
			isa = PBXSourcesBuildPhase;
			buildActionMask = 2147483647;
			files = (
				00E356F31AD99517003FC87E /* StockerTests.m in Sources */,
			);
			runOnlyForDeploymentPostprocessing = 0;
		};
		13B07F871A680F5B00A75B9A /* Sources */ = {
			isa = PBXSourcesBuildPhase;
			buildActionMask = 2147483647;
			files = (
				13B07FBC1A68108700A75B9A /* AppDelegate.mm in Sources */,
				13B07FC11A68108700A75B9A /* main.m in Sources */,
			);
			runOnlyForDeploymentPostprocessing = 0;
		};
/* End PBXSourcesBuildPhase section */

/* Begin PBXTargetDependency section */
		00E356F51AD99517003FC87E /* PBXTargetDependency */ = {
			isa = PBXTargetDependency;
			target = 13B07F861A680F5B00A75B9A /* Stocker */;
			targetProxy = 00E356F41AD99517003FC87E /* PBXContainerItemProxy */;
		};
/* End PBXTargetDependency section */

/* Begin XCBuildConfiguration section */
		00E356F61AD99517003FC87E /* Debug */ = {
			isa = XCBuildConfiguration;
			baseConfigurationReference = 49EC80FCD17F9868ECD5020E /* Pods-Stocker-StockerTests.debug.xcconfig */;
			buildSettings = {
				BUNDLE_LOADER = "$(TEST_HOST)";
				GCC_PREPROCESSOR_DEFINITIONS = (
					"DEBUG=1",
					"$(inherited)",
				);
				INFOPLIST_FILE = StockerTests/Info.plist;
				IPHONEOS_DEPLOYMENT_TARGET = 12.4;
				LD_RUNPATH_SEARCH_PATHS = (
					"$(inherited)",
					"@executable_path/Frameworks",
					"@loader_path/Frameworks",
				);
				OTHER_LDFLAGS = (
					"-ObjC",
					"-lc++",
					"$(inherited)",
				);
				PRODUCT_BUNDLE_IDENTIFIER = "org.reactjs.native.example.$(PRODUCT_NAME:rfc1034identifier)";
				PRODUCT_NAME = "$(TARGET_NAME)";
				TEST_HOST = "$(BUILT_PRODUCTS_DIR)/Stocker.app/Stocker";
			};
			name = Debug;
		};
		00E356F71AD99517003FC87E /* Release */ = {
			isa = XCBuildConfiguration;
			baseConfigurationReference = 35D8C3FF52783D721EFB12BD /* Pods-Stocker-StockerTests.release.xcconfig */;
			buildSettings = {
				BUNDLE_LOADER = "$(TEST_HOST)";
				COPY_PHASE_STRIP = NO;
				INFOPLIST_FILE = StockerTests/Info.plist;
				IPHONEOS_DEPLOYMENT_TARGET = 12.4;
				LD_RUNPATH_SEARCH_PATHS = (
					"$(inherited)",
					"@executable_path/Frameworks",
					"@loader_path/Frameworks",
				);
				OTHER_LDFLAGS = (
					"-ObjC",
					"-lc++",
					"$(inherited)",
				);
				PRODUCT_BUNDLE_IDENTIFIER = "org.reactjs.native.example.$(PRODUCT_NAME:rfc1034identifier)";
				PRODUCT_NAME = "$(TARGET_NAME)";
				TEST_HOST = "$(BUILT_PRODUCTS_DIR)/Stocker.app/Stocker";
			};
			name = Release;
		};
		13B07F941A680F5B00A75B9A /* Debug */ = {
			isa = XCBuildConfiguration;
			baseConfigurationReference = 9A9F6E8BA04D085BEB8FF872 /* Pods-Stocker.debug.xcconfig */;
			buildSettings = {
				ASSETCATALOG_COMPILER_APPICON_NAME = AppIcon;
				CLANG_ENABLE_MODULES = YES;
				CURRENT_PROJECT_VERSION = 1;
				ENABLE_BITCODE = NO;
				INFOPLIST_FILE = Stocker/Info.plist;
				LD_RUNPATH_SEARCH_PATHS = (
					"$(inherited)",
					"@executable_path/Frameworks",
				);
				MARKETING_VERSION = 1.0;
				OTHER_LDFLAGS = (
					"$(inherited)",
					"-ObjC",
					"-lc++",
				);
				PRODUCT_BUNDLE_IDENTIFIER = "org.reactjs.native.example.$(PRODUCT_NAME:rfc1034identifier)";
				PRODUCT_NAME = Stocker;
				SWIFT_OPTIMIZATION_LEVEL = "-Onone";
				SWIFT_VERSION = 5.0;
				VERSIONING_SYSTEM = "apple-generic";
			};
			name = Debug;
		};
		13B07F951A680F5B00A75B9A /* Release */ = {
			isa = XCBuildConfiguration;
			baseConfigurationReference = FFB64CB6DE31452E883868D1 /* Pods-Stocker.release.xcconfig */;
			buildSettings = {
				ASSETCATALOG_COMPILER_APPICON_NAME = AppIcon;
				CLANG_ENABLE_MODULES = YES;
				CURRENT_PROJECT_VERSION = 1;
				INFOPLIST_FILE = Stocker/Info.plist;
				LD_RUNPATH_SEARCH_PATHS = (
					"$(inherited)",
					"@executable_path/Frameworks",
				);
				MARKETING_VERSION = 1.0;
				OTHER_LDFLAGS = (
					"$(inherited)",
					"-ObjC",
					"-lc++",
				);
				PRODUCT_BUNDLE_IDENTIFIER = "org.reactjs.native.example.$(PRODUCT_NAME:rfc1034identifier)";
				PRODUCT_NAME = Stocker;
				SWIFT_VERSION = 5.0;
				VERSIONING_SYSTEM = "apple-generic";
			};
			name = Release;
		};
		83CBBA201A601CBA00E9B192 /* Debug */ = {
			isa = XCBuildConfiguration;
			buildSettings = {
				ALWAYS_SEARCH_USER_PATHS = NO;
				CLANG_ANALYZER_LOCALIZABILITY_NONLOCALIZED = YES;
				CLANG_CXX_LANGUAGE_STANDARD = "c++17";
				CLANG_CXX_LIBRARY = "libc++";
				CLANG_ENABLE_MODULES = YES;
				CLANG_ENABLE_OBJC_ARC = YES;
				CLANG_WARN_BLOCK_CAPTURE_AUTORELEASING = YES;
				CLANG_WARN_BOOL_CONVERSION = YES;
				CLANG_WARN_COMMA = YES;
				CLANG_WARN_CONSTANT_CONVERSION = YES;
				CLANG_WARN_DEPRECATED_OBJC_IMPLEMENTATIONS = YES;
				CLANG_WARN_DIRECT_OBJC_ISA_USAGE = YES_ERROR;
				CLANG_WARN_EMPTY_BODY = YES;
				CLANG_WARN_ENUM_CONVERSION = YES;
				CLANG_WARN_INFINITE_RECURSION = YES;
				CLANG_WARN_INT_CONVERSION = YES;
				CLANG_WARN_NON_LITERAL_NULL_CONVERSION = YES;
				CLANG_WARN_OBJC_IMPLICIT_RETAIN_SELF = YES;
				CLANG_WARN_OBJC_LITERAL_CONVERSION = YES;
				CLANG_WARN_OBJC_ROOT_CLASS = YES_ERROR;
				CLANG_WARN_QUOTED_INCLUDE_IN_FRAMEWORK_HEADER = YES;
				CLANG_WARN_RANGE_LOOP_ANALYSIS = YES;
				CLANG_WARN_STRICT_PROTOTYPES = YES;
				CLANG_WARN_SUSPICIOUS_MOVE = YES;
				CLANG_WARN_UNREACHABLE_CODE = YES;
				CLANG_WARN__DUPLICATE_METHOD_MATCH = YES;
				"CODE_SIGN_IDENTITY[sdk=iphoneos*]" = "iPhone Developer";
				COPY_PHASE_STRIP = NO;
				ENABLE_STRICT_OBJC_MSGSEND = YES;
				ENABLE_TESTABILITY = YES;
				"EXCLUDED_ARCHS[sdk=iphonesimulator*]" = i386;
				GCC_C_LANGUAGE_STANDARD = gnu99;
				GCC_DYNAMIC_NO_PIC = NO;
				GCC_NO_COMMON_BLOCKS = YES;
				GCC_OPTIMIZATION_LEVEL = 0;
				GCC_PREPROCESSOR_DEFINITIONS = (
					"DEBUG=1",
					"$(inherited)",
				);
				GCC_SYMBOLS_PRIVATE_EXTERN = NO;
				GCC_WARN_64_TO_32_BIT_CONVERSION = YES;
				GCC_WARN_ABOUT_RETURN_TYPE = YES_ERROR;
				GCC_WARN_UNDECLARED_SELECTOR = YES;
				GCC_WARN_UNINITIALIZED_AUTOS = YES_AGGRESSIVE;
				GCC_WARN_UNUSED_FUNCTION = YES;
				GCC_WARN_UNUSED_VARIABLE = YES;
				IPHONEOS_DEPLOYMENT_TARGET = 12.4;
				LD_RUNPATH_SEARCH_PATHS = (
					/usr/lib/swift,
					"$(inherited)",
				);
				LIBRARY_SEARCH_PATHS = (
					"\"$(SDKROOT)/usr/lib/swift\"",
					"\"$(TOOLCHAIN_DIR)/usr/lib/swift/$(PLATFORM_NAME)\"",
					"\"$(inherited)\"",
				);
				MTL_ENABLE_DEBUG_INFO = YES;
				ONLY_ACTIVE_ARCH = YES;
				OTHER_CFLAGS = "$(inherited)";
				OTHER_CPLUSPLUSFLAGS = (
					"$(OTHER_CFLAGS)",
					"-DFOLLY_NO_CONFIG",
					"-DFOLLY_MOBILE=1",
					"-DFOLLY_USE_LIBCPP=1",
				);
				REACT_NATIVE_PATH = "${PODS_ROOT}/../../node_modules/react-native";
				SDKROOT = iphoneos;
			};
			name = Debug;
		};
		83CBBA211A601CBA00E9B192 /* Release */ = {
			isa = XCBuildConfiguration;
			buildSettings = {
				ALWAYS_SEARCH_USER_PATHS = NO;
				CLANG_ANALYZER_LOCALIZABILITY_NONLOCALIZED = YES;
				CLANG_CXX_LANGUAGE_STANDARD = "c++17";
				CLANG_CXX_LIBRARY = "libc++";
				CLANG_ENABLE_MODULES = YES;
				CLANG_ENABLE_OBJC_ARC = YES;
				CLANG_WARN_BLOCK_CAPTURE_AUTORELEASING = YES;
				CLANG_WARN_BOOL_CONVERSION = YES;
				CLANG_WARN_COMMA = YES;
				CLANG_WARN_CONSTANT_CONVERSION = YES;
				CLANG_WARN_DEPRECATED_OBJC_IMPLEMENTATIONS = YES;
				CLANG_WARN_DIRECT_OBJC_ISA_USAGE = YES_ERROR;
				CLANG_WARN_EMPTY_BODY = YES;
				CLANG_WARN_ENUM_CONVERSION = YES;
				CLANG_WARN_INFINITE_RECURSION = YES;
				CLANG_WARN_INT_CONVERSION = YES;
				CLANG_WARN_NON_LITERAL_NULL_CONVERSION = YES;
				CLANG_WARN_OBJC_IMPLICIT_RETAIN_SELF = YES;
				CLANG_WARN_OBJC_LITERAL_CONVERSION = YES;
				CLANG_WARN_OBJC_ROOT_CLASS = YES_ERROR;
				CLANG_WARN_QUOTED_INCLUDE_IN_FRAMEWORK_HEADER = YES;
				CLANG_WARN_RANGE_LOOP_ANALYSIS = YES;
				CLANG_WARN_STRICT_PROTOTYPES = YES;
				CLANG_WARN_SUSPICIOUS_MOVE = YES;
				CLANG_WARN_UNREACHABLE_CODE = YES;
				CLANG_WARN__DUPLICATE_METHOD_MATCH = YES;
				"CODE_SIGN_IDENTITY[sdk=iphoneos*]" = "iPhone Developer";
				COPY_PHASE_STRIP = YES;
				ENABLE_NS_ASSERTIONS = NO;
				ENABLE_STRICT_OBJC_MSGSEND = YES;
				"EXCLUDED_ARCHS[sdk=iphonesimulator*]" = i386;
				GCC_C_LANGUAGE_STANDARD = gnu99;
				GCC_NO_COMMON_BLOCKS = YES;
				GCC_WARN_64_TO_32_BIT_CONVERSION = YES;
				GCC_WARN_ABOUT_RETURN_TYPE = YES_ERROR;
				GCC_WARN_UNDECLARED_SELECTOR = YES;
				GCC_WARN_UNINITIALIZED_AUTOS = YES_AGGRESSIVE;
				GCC_WARN_UNUSED_FUNCTION = YES;
				GCC_WARN_UNUSED_VARIABLE = YES;
				IPHONEOS_DEPLOYMENT_TARGET = 12.4;
				LD_RUNPATH_SEARCH_PATHS = (
					/usr/lib/swift,
					"$(inherited)",
				);
				LIBRARY_SEARCH_PATHS = (
					"\"$(SDKROOT)/usr/lib/swift\"",
					"\"$(TOOLCHAIN_DIR)/usr/lib/swift/$(PLATFORM_NAME)\"",
					"\"$(inherited)\"",
				);
				MTL_ENABLE_DEBUG_INFO = NO;
				OTHER_CFLAGS = "$(inherited)";
				OTHER_CPLUSPLUSFLAGS = (
					"$(OTHER_CFLAGS)",
					"-DFOLLY_NO_CONFIG",
					"-DFOLLY_MOBILE=1",
					"-DFOLLY_USE_LIBCPP=1",
				);
				REACT_NATIVE_PATH = "${PODS_ROOT}/../../node_modules/react-native";
				SDKROOT = iphoneos;
				VALIDATE_PRODUCT = YES;
			};
			name = Release;
		};
/* End XCBuildConfiguration section */

/* Begin XCConfigurationList section */
		00E357021AD99517003FC87E /* Build configuration list for PBXNativeTarget "StockerTests" */ = {
			isa = XCConfigurationList;
			buildConfigurations = (
				00E356F61AD99517003FC87E /* Debug */,
				00E356F71AD99517003FC87E /* Release */,
			);
			defaultConfigurationIsVisible = 0;
			defaultConfigurationName = Release;
		};
		13B07F931A680F5B00A75B9A /* Build configuration list for PBXNativeTarget "Stocker" */ = {
			isa = XCConfigurationList;
			buildConfigurations = (
				13B07F941A680F5B00A75B9A /* Debug */,
				13B07F951A680F5B00A75B9A /* Release */,
			);
			defaultConfigurationIsVisible = 0;
			defaultConfigurationName = Release;
		};
		83CBB9FA1A601CBA00E9B192 /* Build configuration list for PBXProject "Stocker" */ = {
			isa = XCConfigurationList;
			buildConfigurations = (
				83CBBA201A601CBA00E9B192 /* Debug */,
				83CBBA211A601CBA00E9B192 /* Release */,
			);
			defaultConfigurationIsVisible = 0;
			defaultConfigurationName = Release;
		};
/* End XCConfigurationList section */
	};
	rootObject = 83CBB9F71A601CBA00E9B192 /* Project object */;
}
